
Microsoft Visual Studio Solution File, Format Version 12.00
# Visual Studio Version 17
VisualStudioVersion = 17.4.33122.133
MinimumVisualStudioVersion = 10.0.40219.1
Project("{8BC9CEB8-8B4A-11D0-8D11-00A0C91BC942}") = "Mayhem", "Mayhem.vcxproj", "{CE2E64D7-7C5B-4ED5-B0A1-FDC8F815BA3D}"
EndProject
Global
	GlobalSection(SolutionConfigurationPlatforms) = preSolution
		Debug|x64 = Debug|x64
		Debug|x86 = Debug|x86
		Release|x64 = Release|x64
		Release|x86 = Release|x86
	EndGlobalSection
	GlobalSection(ProjectConfigurationPlatforms) = postSolution
		{CE2E64D7-7C5B-4ED5-B0A1-FDC8F815BA3D}.Debug|x64.ActiveCfg = Debug|x64
		{CE2E64D7-7C5B-4ED5-B0A1-FDC8F815BA3D}.Debug|x64.Build.0 = Debug|x64
		{CE2E64D7-7C5B-4ED5-B0A1-FDC8F815BA3D}.Debug|x86.ActiveCfg = Debug|Win32
		{CE2E64D7-7C5B-4ED5-B0A1-FDC8F815BA3D}.Debug|x86.Build.0 = Debug|Win32
		{CE2E64D7-7C5B-4ED5-B0A1-FDC8F815BA3D}.Release|x64.ActiveCfg = Release|x64
		{CE2E64D7-7C5B-4ED5-B0A1-FDC8F815BA3D}.Release|x64.Build.0 = Release|x64
		{CE2E64D7-7C5B-4ED5-B0A1-FDC8F815BA3D}.Release|x86.ActiveCfg = Release|Win32
		{CE2E64D7-7C5B-4ED5-B0A1-FDC8F815BA3D}.Release|x86.Build.0 = Release|Win32
	EndGlobalSection
	GlobalSection(SolutionProperties) = preSolution
		HideSolutionNode = FALSE
	EndGlobalSection
	GlobalSection(ExtensibilityGlobals) = postSolution
		SolutionGuid = {B4A1DA03-12E3-48F4-AD80-E3BF00459F7B}
	EndGlobalSection
EndGlobal
